lockfileVersion: '9.0'

settings:
  autoInstallPeers: true
  excludeLinksFromLockfile: false

importers:

  .:
    dependencies:
      qrcode-generator:
        specifier: ^2.0.4
        version: 2.0.4

packages:

  qrcode-generator@2.0.4:
    resolution: {integrity: sha512-mZSiP6RnbHl4xL2Ap5HfkjLnmxfKcPWpWe/c+5XxCuetEenqmNFf1FH/ftXPCtFG5/TDobjsjz6sSNL0Sr8Z9g==}

snapshots:

  qrcode-generator@2.0.4: {}
